
Microsoft Visual Studio Solution File, Format Version 12.00
# Visual Studio Version 16
VisualStudioVersion = 16.0.30621.155
MinimumVisualStudioVersion = 10.0.40219.1
Project("{FAE04EC0-301F-11D3-BF4B-00C04F79EFBC}") = "SampleJenkinsProject", "SampleJenkinsProject\SampleJenkinsProject.csproj", "{5C22CAE2-CF8F-4F40-A099-C2CD449B566F}"
EndProject
Global
	GlobalSection(SolutionConfigurationPlatforms) = preSolution
		Debug|Any CPU = Debug|Any CPU
		Release|Any CPU = Release|Any CPU
	EndGlobalSection
	GlobalSection(ProjectConfigurationPlatforms) = postSolution
		{5C22CAE2-CF8F-4F40-A099-C2CD449B566F}.Debug|Any CPU.ActiveCfg = Debug|Any CPU
		{5C22CAE2-CF8F-4F40-A099-C2CD449B566F}.Debug|Any CPU.Build.0 = Debug|Any CPU
		{5C22CAE2-CF8F-4F40-A099-C2CD449B566F}.Release|Any CPU.ActiveCfg = Release|Any CPU
		{5C22CAE2-CF8F-4F40-A099-C2CD449B566F}.Release|Any CPU.Build.0 = Release|Any CPU
	EndGlobalSection
	GlobalSection(SolutionProperties) = preSolution
		HideSolutionNode = FALSE
	EndGlobalSection
	GlobalSection(ExtensibilityGlobals) = postSolution
		SolutionGuid = {1EB87B52-BB8C-4B98-A099-45225A6B6EC0}
	EndGlobalSection
EndGlobal
